
Microsoft Visual Studio Solution File, Format Version 12.00
# Visual Studio Version 17
VisualStudioVersion = 17.10.35004.147
MinimumVisualStudioVersion = 10.0.40219.1
Project("{9A19103F-16F7-4668-BE54-9A1E7A4F7556}") = "RoA", "RoA.csproj", "{B032034F-2952-4F23-AC50-237518FABE2F}"
EndProject
Global
	GlobalSection(SolutionConfigurationPlatforms) = preSolution
		Debug|Any CPU = Debug|Any CPU
		Release|Any CPU = Release|Any CPU
	EndGlobalSection
	GlobalSection(ProjectConfigurationPlatforms) = postSolution
		{B032034F-2952-4F23-AC50-237518FABE2F}.Debug|Any CPU.ActiveCfg = Debug|Any CPU
		{B032034F-2952-4F23-AC50-237518FABE2F}.Debug|Any CPU.Build.0 = Debug|Any CPU
		{B032034F-2952-4F23-AC50-237518FABE2F}.Release|Any CPU.ActiveCfg = Release|Any CPU
		{B032034F-2952-4F23-AC50-237518FABE2F}.Release|Any CPU.Build.0 = Release|Any CPU
	EndGlobalSection
	GlobalSection(SolutionProperties) = preSolution
		HideSolutionNode = FALSE
	EndGlobalSection
	GlobalSection(ExtensibilityGlobals) = postSolution
		SolutionGuid = {7D6F8E3B-DE9E-46F2-9903-36418ECDFB46}
	EndGlobalSection
EndGlobal
