
Microsoft Visual Studio Solution File, Format Version 12.00
# Visual Studio Version 17
VisualStudioVersion = 17.10.35004.147
MinimumVisualStudioVersion = 10.0.40219.1
Project("{9A19103F-16F7-4668-BE54-9A1E7A4F7556}") = "RoA", "RoA.csproj", "{0DE0B8A7-5C19-4FF4-B336-E9AE510DD54D}"
EndProject
Global
	GlobalSection(SolutionConfigurationPlatforms) = preSolution
		Debug|Any CPU = Debug|Any CPU
		Release|Any CPU = Release|Any CPU
	EndGlobalSection
	GlobalSection(ProjectConfigurationPlatforms) = postSolution
		{0DE0B8A7-5C19-4FF4-B336-E9AE510DD54D}.Debug|Any CPU.ActiveCfg = Debug|Any CPU
		{0DE0B8A7-5C19-4FF4-B336-E9AE510DD54D}.Debug|Any CPU.Build.0 = Debug|Any CPU
		{0DE0B8A7-5C19-4FF4-B336-E9AE510DD54D}.Release|Any CPU.ActiveCfg = Release|Any CPU
		{0DE0B8A7-5C19-4FF4-B336-E9AE510DD54D}.Release|Any CPU.Build.0 = Release|Any CPU
	EndGlobalSection
	GlobalSection(SolutionProperties) = preSolution
		HideSolutionNode = FALSE
	EndGlobalSection
	GlobalSection(ExtensibilityGlobals) = postSolution
		SolutionGuid = {7D6F8E3B-DE9E-46F2-9903-36418ECDFB46}
	EndGlobalSection
EndGlobal
